
Microsoft Visual Studio Solution File, Format Version 12.00
# Visual Studio 15
VisualStudioVersion = 15.0.28307.645
MinimumVisualStudioVersion = 10.0.40219.1
Project("{9A19103F-16F7-4668-BE54-9A1E7A4F7556}") = "IVSSO", "IVSSO\IVSSO.csproj", "{C010583A-BF71-4ABD-A64B-C9C63B74FDA6}"
EndProject
Project("{9A19103F-16F7-4668-BE54-9A1E7A4F7556}") = "IdentityManager", "IdentityManager\IdentityManager.csproj", "{DD641C1E-4B4B-45C3-BB7E-43265EA94D79}"
EndProject
Global
	GlobalSection(SolutionConfigurationPlatforms) = preSolution
		Debug|Any CPU = Debug|Any CPU
		Release|Any CPU = Release|Any CPU
	EndGlobalSection
	GlobalSection(ProjectConfigurationPlatforms) = postSolution
		{C010583A-BF71-4ABD-A64B-C9C63B74FDA6}.Debug|Any CPU.ActiveCfg = Debug|Any CPU
		{C010583A-BF71-4ABD-A64B-C9C63B74FDA6}.Debug|Any CPU.Build.0 = Debug|Any CPU
		{C010583A-BF71-4ABD-A64B-C9C63B74FDA6}.Release|Any CPU.ActiveCfg = Release|Any CPU
		{C010583A-BF71-4ABD-A64B-C9C63B74FDA6}.Release|Any CPU.Build.0 = Release|Any CPU
		{DD641C1E-4B4B-45C3-BB7E-43265EA94D79}.Debug|Any CPU.ActiveCfg = Debug|Any CPU
		{DD641C1E-4B4B-45C3-BB7E-43265EA94D79}.Debug|Any CPU.Build.0 = Debug|Any CPU
		{DD641C1E-4B4B-45C3-BB7E-43265EA94D79}.Release|Any CPU.ActiveCfg = Release|Any CPU
		{DD641C1E-4B4B-45C3-BB7E-43265EA94D79}.Release|Any CPU.Build.0 = Release|Any CPU
	EndGlobalSection
	GlobalSection(SolutionProperties) = preSolution
		HideSolutionNode = FALSE
	EndGlobalSection
	GlobalSection(ExtensibilityGlobals) = postSolution
		SolutionGuid = {09F8E30C-DC89-45B6-9677-A0257BBD599E}
	EndGlobalSection
EndGlobal
